<?xml version="1.0" encoding="utf-8"?>
<Project ToolsVersion="4.0" xmlns="http://schemas.microsoft.com/developer/msbuild/2003">
  <ItemGroup>
    <ClCompile Include="Clients.cpp" />
    <ClCompile Include="Corporation.cpp" />
    <ClCompile Include="Date.cpp" />
    <ClCompile Include="Menu.cpp" />
    <ClCompile Include="Rent.cpp" />
    <ClCompile Include="Reservations.cpp" />
    <ClCompile Include="Source.cpp" />
    <ClCompile Include="Supplier.cpp" />
    <ClCompile Include="Utilities.cpp" />
  </ItemGroup>
  <ItemGroup>
    <ClInclude Include="Clients.h" />
    <ClInclude Include="Corporation.h" />
    <ClInclude Include="Date.h" />
    <ClInclude Include="Reservations.h" />
    <ClInclude Include="Supplier.h" />
    <ClInclude Include="Rent.h" />
    <ClInclude Include="Menu.h" />
    <ClInclude Include="Utilities.h" />
    <ClInclude Include="BSTNew.h" />
  </ItemGroup>
  <ItemGroup>
    <Text Include="rents.txt" />
    <Text Include="suppliers.txt" />
    <Text Include="users.txt" />
  </ItemGroup>
</Project>